PODS:
  - Bolts/Tasks (1.6.0)
  - KWTransition (0.0.4)
  - Parse (1.12.0):
    - Bolts/Tasks (~> 1.5)
  - SDWebImage (3.7.5):
    - SDWebImage/Core (= 3.7.5)
  - SDWebImage/Core (3.7.5)
  - SVProgressHUD (1.1.3)

DEPENDENCIES:
  - KWTransition
  - Parse
  - SDWebImage (~> 3.7)
  - SVProgressHUD

SPEC CHECKSUMS:
  Bolts: f52a250053bb517ca874523c3913776359ab3def
  KWTransition: 72d59eef35ddb67769eb99a41317fa75c0444e1b
  Parse: de2c52a9a1421b91ae7594ab8ce191afd184f19b
  SDWebImage: 69c6303e3348fba97e03f65d65d4fbc26740f461
  SVProgressHUD: 748080e4f36e603f6c02aec292664239df5279c1

COCOAPODS: 0.39.0
