PODS:
  - DGActivityIndicatorView (2.0)
  - KWTransition (0.0.4)
  - PullToRefreshCoreText (0.2)
  - SDWebImage (3.7.5):
    - SDWebImage/Core (= 3.7.5)
  - SDWebImage/Core (3.7.5)
  - SVProgressHUD (1.1.3)

DEPENDENCIES:
  - DGActivityIndicatorView
  - KWTransition
  - PullToRefreshCoreText (~> 0.2)
  - SDWebImage (~> 3.7)
  - SVProgressHUD

SPEC CHECKSUMS:
  DGActivityIndicatorView: 52875b025a6ccf6a431a905285c12e2bb95eb559
  KWTransition: 72d59eef35ddb67769eb99a41317fa75c0444e1b
  PullToRefreshCoreText: c843e71fc5ae5b033c0281067368905efd05c7b2
  SDWebImage: 69c6303e3348fba97e03f65d65d4fbc26740f461
  SVProgressHUD: 748080e4f36e603f6c02aec292664239df5279c1

COCOAPODS: 0.39.0
