// !$*UTF8*$!
{
	archiveVersion = 1;
	classes = {
	};
	objectVersion = 46;
	objects = {

/* Begin PBXBuildFile section */
		18A64A171C74D148008B2170 /* SystemConfiguration.framework in Frameworks */ = {isa = PBXBuildFile; fileRef = 18A64A161C74D148008B2170 /* SystemConfiguration.framework */; };
		18A64A191C74D152008B2170 /* CoreGraphics.framework in Frameworks */ = {isa = PBXBuildFile; fileRef = 18A64A181C74D152008B2170 /* CoreGraphics.framework */; };
		18A64A1B1C74D19E008B2170 /* AudioToolbox.framework in Frameworks */ = {isa = PBXBuildFile; fileRef = 18A64A1A1C74D19E008B2170 /* AudioToolbox.framework */; };
		18A64A1D1C74D1AB008B2170 /* libsqlite3.tbd in Frameworks */ = {isa = PBXBuildFile; fileRef = 18A64A1C1C74D1AA008B2170 /* libsqlite3.tbd */; };
		5910A8EC1C737DC00063249F /* REVResult.m in Sources */ = {isa = PBXBuildFile; fileRef = 5910A8EB1C737DC00063249F /* REVResult.m */; };
		5910A8F71C73980D0063249F /* ResultsHeaderView.xib in Resources */ = {isa = PBXBuildFile; fileRef = 5910A8F61C73980D0063249F /* ResultsHeaderView.xib */; };
		5910A8FD1C7399880063249F /* ResultsHeaderView.m in Sources */ = {isa = PBXBuildFile; fileRef = 5910A8FC1C7399880063249F /* ResultsHeaderView.m */; };
		5910A90D1C749B890063249F /* AboutBackgroundView.m in Sources */ = {isa = PBXBuildFile; fileRef = 5910A90C1C749B890063249F /* AboutBackgroundView.m */; };
		5910A91F1C749BE20063249F /* RoundedLabel.m in Sources */ = {isa = PBXBuildFile; fileRef = 5910A91C1C749BE20063249F /* RoundedLabel.m */; };
		5910A9201C749BE20063249F /* UnderlinedLabel.m in Sources */ = {isa = PBXBuildFile; fileRef = 5910A91E1C749BE20063249F /* UnderlinedLabel.m */; };
		59130F171C63612100A45854 /* EventByCategoryViewController.m in Sources */ = {isa = PBXBuildFile; fileRef = 59130F161C63612100A45854 /* EventByCategoryViewController.m */; };
		592AE8241C69037B00256BDA /* Colours.m in Sources */ = {isa = PBXBuildFile; fileRef = 592AE8231C69037B00256BDA /* Colours.m */; };
		5962B05E1C650EA6009290B2 /* DAHexagonalView.m in Sources */ = {isa = PBXBuildFile; fileRef = 5962B05D1C650EA6009290B2 /* DAHexagonalView.m */; };
		596A7BEB1C6A1ED400EB74B1 /* DeveloperDetailView.m in Sources */ = {isa = PBXBuildFile; fileRef = 596A7BEA1C6A1ED400EB74B1 /* DeveloperDetailView.m */; };
		596A7BEF1C6A1EF400EB74B1 /* DeveloperDetailView.xib in Resources */ = {isa = PBXBuildFile; fileRef = 596A7BEE1C6A1EF400EB74B1 /* DeveloperDetailView.xib */; };
		596A7BF41C6A42E900EB74B1 /* AvenirCondensedHand.ttf in Resources */ = {isa = PBXBuildFile; fileRef = 596A7BF11C6A42E900EB74B1 /* AvenirCondensedHand.ttf */; };
		596A7BF51C6A42E900EB74B1 /* LeagueGothic.otf in Resources */ = {isa = PBXBuildFile; fileRef = 596A7BF21C6A42E900EB74B1 /* LeagueGothic.otf */; };
		596A7BF61C6A42E900EB74B1 /* PixelCalculon.otf in Resources */ = {isa = PBXBuildFile; fileRef = 596A7BF31C6A42E900EB74B1 /* PixelCalculon.otf */; };
		596F91BE1C5F18F9000CBD48 /* main.m in Sources */ = {isa = PBXBuildFile; fileRef = 596F91BD1C5F18F9000CBD48 /* main.m */; };
		596F91C11C5F18F9000CBD48 /* AppDelegate.m in Sources */ = {isa = PBXBuildFile; fileRef = 596F91C01C5F18F9000CBD48 /* AppDelegate.m */; };
		596F91C71C5F18F9000CBD48 /* Main.storyboard in Resources */ = {isa = PBXBuildFile; fileRef = 596F91C51C5F18F9000CBD48 /* Main.storyboard */; };
		596F91CA1C5F18F9000CBD48 /* Revels_16.xcdatamodeld in Sources */ = {isa = PBXBuildFile; fileRef = 596F91C81C5F18F9000CBD48 /* Revels_16.xcdatamodeld */; };
		596F91CC1C5F18F9000CBD48 /* Assets.xcassets in Resources */ = {isa = PBXBuildFile; fileRef = 596F91CB1C5F18F9000CBD48 /* Assets.xcassets */; };
		596F91CF1C5F18F9000CBD48 /* LaunchScreen.storyboard in Resources */ = {isa = PBXBuildFile; fileRef = 596F91CD1C5F18F9000CBD48 /* LaunchScreen.storyboard */; };
		596F920F1C5F3651000CBD48 /* CategoriesTableViewController.m in Sources */ = {isa = PBXBuildFile; fileRef = 596F920E1C5F3651000CBD48 /* CategoriesTableViewController.m */; };
		596F92131C5F36B4000CBD48 /* CategoriesTableViewCell.m in Sources */ = {isa = PBXBuildFile; fileRef = 596F92121C5F36B4000CBD48 /* CategoriesTableViewCell.m */; };
		598189EE1C70527900F9AB1D /* EventHeaderTableViewCell.xib in Resources */ = {isa = PBXBuildFile; fileRef = 598189ED1C70527900F9AB1D /* EventHeaderTableViewCell.xib */; };
		598189F31C707F2E00F9AB1D /* ResultsTableViewController.m in Sources */ = {isa = PBXBuildFile; fileRef = 598189F21C707F2E00F9AB1D /* ResultsTableViewController.m */; };
		598189F91C70810300F9AB1D /* MoreViewController.m in Sources */ = {isa = PBXBuildFile; fileRef = 598189F81C70810300F9AB1D /* MoreViewController.m */; };
		598189FD1C7081FF00F9AB1D /* RegisterWebViewController.m in Sources */ = {isa = PBXBuildFile; fileRef = 598189FC1C7081FF00F9AB1D /* RegisterWebViewController.m */; };
		59818A021C709A4E00F9AB1D /* MoreCollectionViewCell.m in Sources */ = {isa = PBXBuildFile; fileRef = 59818A011C709A4E00F9AB1D /* MoreCollectionViewCell.m */; };
		5989871D1C6AFF030042148B /* EasterEggViewController.m in Sources */ = {isa = PBXBuildFile; fileRef = 5989871C1C6AFF030042148B /* EasterEggViewController.m */; };
		59A7CE951C6CB6F1001682F3 /* EventInfoView.m in Sources */ = {isa = PBXBuildFile; fileRef = 59A7CE941C6CB6F1001682F3 /* EventInfoView.m */; };
		59A7CE971C6CB700001682F3 /* EventInfoView.xib in Resources */ = {isa = PBXBuildFile; fileRef = 59A7CE961C6CB700001682F3 /* EventInfoView.xib */; };
		59BA13AE1C60764D00679C49 /* InstagramV2ViewController.m in Sources */ = {isa = PBXBuildFile; fileRef = 59BA13AD1C60764D00679C49 /* InstagramV2ViewController.m */; };
		59BA13B81C6079B600679C49 /* ParallaxCollectionViewCell.m in Sources */ = {isa = PBXBuildFile; fileRef = 59BA13B71C6079B600679C49 /* ParallaxCollectionViewCell.m */; };
		59BA13CF1C60DE1200679C49 /* REVCategory.m in Sources */ = {isa = PBXBuildFile; fileRef = 59BA13CE1C60DE1200679C49 /* REVCategory.m */; };
		59BA13D41C60E28500679C49 /* DADataManager.m in Sources */ = {isa = PBXBuildFile; fileRef = 59BA13D31C60E28500679C49 /* DADataManager.m */; };
		59BE4C701C66FB05004D28B7 /* CAAnimation+Blocks.m in Sources */ = {isa = PBXBuildFile; fileRef = 59BE4C6F1C66FB05004D28B7 /* CAAnimation+Blocks.m */; };
		59BE4C991C67548E004D28B7 /* QuartzCore.framework in Frameworks */ = {isa = PBXBuildFile; fileRef = 59BE4C981C67548E004D28B7 /* QuartzCore.framework */; };
		59CDF9FF1C72E85B00F41D72 /* UINavigationItem+Loading.m in Sources */ = {isa = PBXBuildFile; fileRef = 59CDF9FE1C72E85B00F41D72 /* UINavigationItem+Loading.m */; };
		59E086521C685A8A0029EFED /* EventHeaderTableViewCell.m in Sources */ = {isa = PBXBuildFile; fileRef = 59E086511C685A8A0029EFED /* EventHeaderTableViewCell.m */; };
		59E086561C686DA80029EFED /* Reachability.m in Sources */ = {isa = PBXBuildFile; fileRef = 59E086551C686DA80029EFED /* Reachability.m */; };
		59E2883F1C77200700AB01F0 /* LaunchViewController.m in Sources */ = {isa = PBXBuildFile; fileRef = 59E2883E1C77200700AB01F0 /* LaunchViewController.m */; };
		59F7B2A61C5F746A00471695 /* EventsListViewController.m in Sources */ = {isa = PBXBuildFile; fileRef = 59F7B2A51C5F746A00471695 /* EventsListViewController.m */; };
		59F7B2A91C5F74DB00471695 /* EventsTableViewCell.m in Sources */ = {isa = PBXBuildFile; fileRef = 59F7B2A81C5F74DB00471695 /* EventsTableViewCell.m */; };
		59F7B2AD1C5F794B00471695 /* FavouritesTableViewController.m in Sources */ = {isa = PBXBuildFile; fileRef = 59F7B2AC1C5F794B00471695 /* FavouritesTableViewController.m */; };
		59F7B2B41C5F7AD800471695 /* AboutTableViewController.m in Sources */ = {isa = PBXBuildFile; fileRef = 59F7B2B31C5F7AD800471695 /* AboutTableViewController.m */; };
		59F7B2B81C5F7D7400471695 /* DevelopersViewController.m in Sources */ = {isa = PBXBuildFile; fileRef = 59F7B2B71C5F7D7400471695 /* DevelopersViewController.m */; };
		59F7B2BC1C5F7E6D00471695 /* ASMutableURLRequest.m in Sources */ = {isa = PBXBuildFile; fileRef = 59F7B2BB1C5F7E6D00471695 /* ASMutableURLRequest.m */; };
		59F7B2CF1C5FBDF700471695 /* InstagramData.m in Sources */ = {isa = PBXBuildFile; fileRef = 59F7B2CE1C5FBDF700471695 /* InstagramData.m */; };
		59F7B2D11C5FC9BF00471695 /* ImageIO.framework in Frameworks */ = {isa = PBXBuildFile; fileRef = 59F7B2D01C5FC9BE00471695 /* ImageIO.framework */; };
		59F7B2D41C5FD04000471695 /* InstagramDetailViewController.m in Sources */ = {isa = PBXBuildFile; fileRef = 59F7B2D31C5FD04000471695 /* InstagramDetailViewController.m */; };
		59F7B2DC1C5FD4BD00471695 /* UIImage+ImageEffects.m in Sources */ = {isa = PBXBuildFile; fileRef = 59F7B2DB1C5FD4BD00471695 /* UIImage+ImageEffects.m */; };
		59FE791C1C61B3F700EC61A0 /* ExtendedNavBarView.m in Sources */ = {isa = PBXBuildFile; fileRef = 59FE791B1C61B3F700EC61A0 /* ExtendedNavBarView.m */; };
		59FE79331C61C77700EC61A0 /* REVEvent+CoreDataProperties.m in Sources */ = {isa = PBXBuildFile; fileRef = 59FE79301C61C77700EC61A0 /* REVEvent+CoreDataProperties.m */; };
		59FE79341C61C77700EC61A0 /* REVEvent.m in Sources */ = {isa = PBXBuildFile; fileRef = 59FE79321C61C77700EC61A0 /* REVEvent.m */; };
		59FE79371C625A1000EC61A0 /* InstagramRootViewController.m in Sources */ = {isa = PBXBuildFile; fileRef = 59FE79361C625A1000EC61A0 /* InstagramRootViewController.m */; };
		59FE793C1C62670200EC61A0 /* CrossButton.m in Sources */ = {isa = PBXBuildFile; fileRef = 59FE793B1C62670200EC61A0 /* CrossButton.m */; };
		EA71DC15ED94DADB4D40D132 /* libPods-Revels 16.a in Frameworks */ = {isa = PBXBuildFile; fileRef = A7D306B1EDF2F2E2053521A6 /* libPods-Revels 16.a */; };
/* End PBXBuildFile section */

/* Begin PBXFileReference section */
		0014C87AD6BCC627A4D33296 /* Pods-Revels 16.release.xcconfig */ = {isa = PBXFileReference; includeInIndex = 1; lastKnownFileType = text.xcconfig; name = "Pods-Revels 16.release.xcconfig"; path = "Pods/Target Support Files/Pods-Revels 16/Pods-Revels 16.release.xcconfig"; sourceTree = "<group>"; };
		18A64A161C74D148008B2170 /* SystemConfiguration.framework */ = {isa = PBXFileReference; lastKnownFileType = wrapper.framework; name = SystemConfiguration.framework; path = System/Library/Frameworks/SystemConfiguration.framework; sourceTree = SDKROOT; };
		18A64A181C74D152008B2170 /* CoreGraphics.framework */ = {isa = PBXFileReference; lastKnownFileType = wrapper.framework; name = CoreGraphics.framework; path = System/Library/Frameworks/CoreGraphics.framework; sourceTree = SDKROOT; };
		18A64A1A1C74D19E008B2170 /* AudioToolbox.framework */ = {isa = PBXFileReference; lastKnownFileType = wrapper.framework; name = AudioToolbox.framework; path = System/Library/Frameworks/AudioToolbox.framework; sourceTree = SDKROOT; };
		18A64A1C1C74D1AA008B2170 /* libsqlite3.tbd */ = {isa = PBXFileReference; lastKnownFileType = "sourcecode.text-based-dylib-definition"; name = libsqlite3.tbd; path = usr/lib/libsqlite3.tbd; sourceTree = SDKROOT; };
		5910A8EA1C737DC00063249F /* REVResult.h */ = {isa = PBXFileReference; fileEncoding = 4; lastKnownFileType = sourcecode.c.h; name = REVResult.h; path = Model/Result/REVResult.h; sourceTree = "<group>"; };
		5910A8EB1C737DC00063249F /* REVResult.m */ = {isa = PBXFileReference; fileEncoding = 4; lastKnownFileType = sourcecode.c.objc; name = REVResult.m; path = Model/Result/REVResult.m; sourceTree = "<group>"; };
		5910A8F61C73980D0063249F /* ResultsHeaderView.xib */ = {isa = PBXFileReference; fileEncoding = 4; lastKnownFileType = file.xib; name = ResultsHeaderView.xib; path = Views/Cells/ResultsHeaderView.xib; sourceTree = "<group>"; };
		5910A8FB1C7399880063249F /* ResultsHeaderView.h */ = {isa = PBXFileReference; fileEncoding = 4; lastKnownFileType = sourcecode.c.h; name = ResultsHeaderView.h; path = Views/Cells/ResultsHeaderView.h; sourceTree = "<group>"; };
		5910A8FC1C7399880063249F /* ResultsHeaderView.m */ = {isa = PBXFileReference; fileEncoding = 4; lastKnownFileType = sourcecode.c.objc; name = ResultsHeaderView.m; path = Views/Cells/ResultsHeaderView.m; sourceTree = "<group>"; };
		5910A90B1C749B890063249F /* AboutBackgroundView.h */ = {isa = PBXFileReference; fileEncoding = 4; lastKnownFileType = sourcecode.c.h; name = AboutBackgroundView.h; path = "Views/About Background/AboutBackgroundView.h"; sourceTree = "<group>"; };
		5910A90C1C749B890063249F /* AboutBackgroundView.m */ = {isa = PBXFileReference; fileEncoding = 4; lastKnownFileType = sourcecode.c.objc; name = AboutBackgroundView.m; path = "Views/About Background/AboutBackgroundView.m"; sourceTree = "<group>"; };
		5910A91B1C749BE20063249F /* RoundedLabel.h */ = {isa = PBXFileReference; fileEncoding = 4; lastKnownFileType = sourcecode.c.h; path = RoundedLabel.h; sourceTree = "<group>"; };
		5910A91C1C749BE20063249F /* RoundedLabel.m */ = {isa = PBXFileReference; fileEncoding = 4; lastKnownFileType = sourcecode.c.objc; path = RoundedLabel.m; sourceTree = "<group>"; };
		5910A91D1C749BE20063249F /* UnderlinedLabel.h */ = {isa = PBXFileReference; fileEncoding = 4; lastKnownFileType = sourcecode.c.h; path = UnderlinedLabel.h; sourceTree = "<group>"; };
		5910A91E1C749BE20063249F /* UnderlinedLabel.m */ = {isa = PBXFileReference; fileEncoding = 4; lastKnownFileType = sourcecode.c.objc; path = UnderlinedLabel.m; sourceTree = "<group>"; };
		59130F151C63612100A45854 /* EventByCategoryViewController.h */ = {isa = PBXFileReference; fileEncoding = 4; lastKnownFileType = sourcecode.c.h; name = EventByCategoryViewController.h; path = Controllers/Events/EventByCategoryViewController.h; sourceTree = "<group>"; };
		59130F161C63612100A45854 /* EventByCategoryViewController.m */ = {isa = PBXFileReference; fileEncoding = 4; lastKnownFileType = sourcecode.c.objc; name = EventByCategoryViewController.m; path = Controllers/Events/EventByCategoryViewController.m; sourceTree = "<group>"; };
		592AE8221C69037B00256BDA /* Colours.h */ = {isa = PBXFileReference; fileEncoding = 4; lastKnownFileType = sourcecode.c.h; path = Colours.h; sourceTree = "<group>"; };
		592AE8231C69037B00256BDA /* Colours.m */ = {isa = PBXFileReference; fileEncoding = 4; lastKnownFileType = sourcecode.c.objc; path = Colours.m; sourceTree = "<group>"; };
		5962B05C1C650EA6009290B2 /* DAHexagonalView.h */ = {isa = PBXFileReference; fileEncoding = 4; lastKnownFileType = sourcecode.c.h; name = DAHexagonalView.h; path = Views/DAHexagonalView/DAHexagonalView.h; sourceTree = "<group>"; };
		5962B05D1C650EA6009290B2 /* DAHexagonalView.m */ = {isa = PBXFileReference; fileEncoding = 4; lastKnownFileType = sourcecode.c.objc; name = DAHexagonalView.m; path = Views/DAHexagonalView/DAHexagonalView.m; sourceTree = "<group>"; };
		596A7BE91C6A1ED400EB74B1 /* DeveloperDetailView.h */ = {isa = PBXFileReference; fileEncoding = 4; lastKnownFileType = sourcecode.c.h; name = DeveloperDetailView.h; path = Views/DeveloperDetail/DeveloperDetailView.h; sourceTree = "<group>"; };
		596A7BEA1C6A1ED400EB74B1 /* DeveloperDetailView.m */ = {isa = PBXFileReference; fileEncoding = 4; lastKnownFileType = sourcecode.c.objc; name = DeveloperDetailView.m; path = Views/DeveloperDetail/DeveloperDetailView.m; sourceTree = "<group>"; };
		596A7BEE1C6A1EF400EB74B1 /* DeveloperDetailView.xib */ = {isa = PBXFileReference; fileEncoding = 4; lastKnownFileType = file.xib; name = DeveloperDetailView.xib; path = Views/DeveloperDetail/DeveloperDetailView.xib; sourceTree = "<group>"; };
		596A7BF11C6A42E900EB74B1 /* AvenirCondensedHand.ttf */ = {isa = PBXFileReference; lastKnownFileType = file; path = AvenirCondensedHand.ttf; sourceTree = "<group>"; };
		596A7BF21C6A42E900EB74B1 /* LeagueGothic.otf */ = {isa = PBXFileReference; lastKnownFileType = file; path = LeagueGothic.otf; sourceTree = "<group>"; };
		596A7BF31C6A42E900EB74B1 /* PixelCalculon.otf */ = {isa = PBXFileReference; lastKnownFileType = file; path = PixelCalculon.otf; sourceTree = "<group>"; };
		596F91B91C5F18F9000CBD48 /* Revels 16.app */ = {isa = PBXFileReference; explicitFileType = wrapper.application; includeInIndex = 0; path = "Revels 16.app"; sourceTree = BUILT_PRODUCTS_DIR; };
		596F91BD1C5F18F9000CBD48 /* main.m */ = {isa = PBXFileReference; lastKnownFileType = sourcecode.c.objc; path = main.m; sourceTree = "<group>"; };
		596F91BF1C5F18F9000CBD48 /* AppDelegate.h */ = {isa = PBXFileReference; lastKnownFileType = sourcecode.c.h; path = AppDelegate.h; sourceTree = "<group>"; };
		596F91C01C5F18F9000CBD48 /* AppDelegate.m */ = {isa = PBXFileReference; lastKnownFileType = sourcecode.c.objc; path = AppDelegate.m; sourceTree = "<group>"; };
		596F91C61C5F18F9000CBD48 /* Base */ = {isa = PBXFileReference; lastKnownFileType = file.storyboard; name = Base; path = Base.lproj/Main.storyboard; sourceTree = "<group>"; };
		596F91C91C5F18F9000CBD48 /* Revels_16.xcdatamodel */ = {isa = PBXFileReference; lastKnownFileType = wrapper.xcdatamodel; path = Revels_16.xcdatamodel; sourceTree = "<group>"; };
		596F91CB1C5F18F9000CBD48 /* Assets.xcassets */ = {isa = PBXFileReference; lastKnownFileType = folder.assetcatalog; path = Assets.xcassets; sourceTree = "<group>"; };
		596F91CE1C5F18F9000CBD48 /* Base */ = {isa = PBXFileReference; lastKnownFileType = file.storyboard; name = Base; path = Base.lproj/LaunchScreen.storyboard; sourceTree = "<group>"; };
		596F91D01C5F18F9000CBD48 /* Info.plist */ = {isa = PBXFileReference; lastKnownFileType = text.plist.xml; path = Info.plist; sourceTree = "<group>"; };
		596F920D1C5F3651000CBD48 /* CategoriesTableViewController.h */ = {isa = PBXFileReference; fileEncoding = 4; lastKnownFileType = sourcecode.c.h; name = CategoriesTableViewController.h; path = Controllers/Categories/CategoriesTableViewController.h; sourceTree = "<group>"; };
		596F920E1C5F3651000CBD48 /* CategoriesTableViewController.m */ = {isa = PBXFileReference; fileEncoding = 4; lastKnownFileType = sourcecode.c.objc; name = CategoriesTableViewController.m; path = Controllers/Categories/CategoriesTableViewController.m; sourceTree = "<group>"; };
		596F92111C5F36B4000CBD48 /* CategoriesTableViewCell.h */ = {isa = PBXFileReference; fileEncoding = 4; lastKnownFileType = sourcecode.c.h; name = CategoriesTableViewCell.h; path = Views/Cells/CategoriesTableViewCell.h; sourceTree = "<group>"; };
		596F92121C5F36B4000CBD48 /* CategoriesTableViewCell.m */ = {isa = PBXFileReference; fileEncoding = 4; lastKnownFileType = sourcecode.c.objc; name = CategoriesTableViewCell.m; path = Views/Cells/CategoriesTableViewCell.m; sourceTree = "<group>"; };
		598189ED1C70527900F9AB1D /* EventHeaderTableViewCell.xib */ = {isa = PBXFileReference; fileEncoding = 4; lastKnownFileType = file.xib; name = EventHeaderTableViewCell.xib; path = Views/Cells/EventHeaderTableViewCell.xib; sourceTree = "<group>"; };
		598189F11C707F2E00F9AB1D /* ResultsTableViewController.h */ = {isa = PBXFileReference; fileEncoding = 4; lastKnownFileType = sourcecode.c.h; name = ResultsTableViewController.h; path = Controllers/Results/ResultsTableViewController.h; sourceTree = "<group>"; };
		598189F21C707F2E00F9AB1D /* ResultsTableViewController.m */ = {isa = PBXFileReference; fileEncoding = 4; lastKnownFileType = sourcecode.c.objc; name = ResultsTableViewController.m; path = Controllers/Results/ResultsTableViewController.m; sourceTree = "<group>"; };
		598189F71C70810300F9AB1D /* MoreViewController.h */ = {isa = PBXFileReference; fileEncoding = 4; lastKnownFileType = sourcecode.c.h; name = MoreViewController.h; path = Controllers/More/MoreViewController.h; sourceTree = "<group>"; };
		598189F81C70810300F9AB1D /* MoreViewController.m */ = {isa = PBXFileReference; fileEncoding = 4; lastKnownFileType = sourcecode.c.objc; name = MoreViewController.m; path = Controllers/More/MoreViewController.m; sourceTree = "<group>"; };
		598189FB1C7081FF00F9AB1D /* RegisterWebViewController.h */ = {isa = PBXFileReference; fileEncoding = 4; lastKnownFileType = sourcecode.c.h; name = RegisterWebViewController.h; path = Controllers/Register/RegisterWebViewController.h; sourceTree = "<group>"; };
		598189FC1C7081FF00F9AB1D /* RegisterWebViewController.m */ = {isa = PBXFileReference; fileEncoding = 4; lastKnownFileType = sourcecode.c.objc; name = RegisterWebViewController.m; path = Controllers/Register/RegisterWebViewController.m; sourceTree = "<group>"; };
		59818A001C709A4E00F9AB1D /* MoreCollectionViewCell.h */ = {isa = PBXFileReference; fileEncoding = 4; lastKnownFileType = sourcecode.c.h; name = MoreCollectionViewCell.h; path = Views/Cells/MoreCollectionViewCell.h; sourceTree = "<group>"; };
		59818A011C709A4E00F9AB1D /* MoreCollectionViewCell.m */ = {isa = PBXFileReference; fileEncoding = 4; lastKnownFileType = sourcecode.c.objc; name = MoreCollectionViewCell.m; path = Views/Cells/MoreCollectionViewCell.m; sourceTree = "<group>"; };
		5989871B1C6AFF030042148B /* EasterEggViewController.h */ = {isa = PBXFileReference; fileEncoding = 4; lastKnownFileType = sourcecode.c.h; name = EasterEggViewController.h; path = "Controllers/Easter Egg/EasterEggViewController.h"; sourceTree = "<group>"; };
		5989871C1C6AFF030042148B /* EasterEggViewController.m */ = {isa = PBXFileReference; fileEncoding = 4; lastKnownFileType = sourcecode.c.objc; name = EasterEggViewController.m; path = "Controllers/Easter Egg/EasterEggViewController.m"; sourceTree = "<group>"; };
		59A7CE931C6CB6F1001682F3 /* EventInfoView.h */ = {isa = PBXFileReference; fileEncoding = 4; lastKnownFileType = sourcecode.c.h; name = EventInfoView.h; path = Views/EventInfoView/EventInfoView.h; sourceTree = "<group>"; };
		59A7CE941C6CB6F1001682F3 /* EventInfoView.m */ = {isa = PBXFileReference; fileEncoding = 4; lastKnownFileType = sourcecode.c.objc; name = EventInfoView.m; path = Views/EventInfoView/EventInfoView.m; sourceTree = "<group>"; };
		59A7CE961C6CB700001682F3 /* EventInfoView.xib */ = {isa = PBXFileReference; fileEncoding = 4; lastKnownFileType = file.xib; name = EventInfoView.xib; path = Views/EventInfoView/EventInfoView.xib; sourceTree = "<group>"; };
		59BA13AC1C60764D00679C49 /* InstagramV2ViewController.h */ = {isa = PBXFileReference; fileEncoding = 4; lastKnownFileType = sourcecode.c.h; name = InstagramV2ViewController.h; path = Controllers/Instagram/InstagramV2ViewController.h; sourceTree = "<group>"; };
		59BA13AD1C60764D00679C49 /* InstagramV2ViewController.m */ = {isa = PBXFileReference; fileEncoding = 4; lastKnownFileType = sourcecode.c.objc; name = InstagramV2ViewController.m; path = Controllers/Instagram/InstagramV2ViewController.m; sourceTree = "<group>"; };
		59BA13B61C6079B600679C49 /* ParallaxCollectionViewCell.h */ = {isa = PBXFileReference; fileEncoding = 4; lastKnownFileType = sourcecode.c.h; name = ParallaxCollectionViewCell.h; path = Views/Cells/ParallaxCollectionViewCell.h; sourceTree = "<group>"; };
		59BA13B71C6079B600679C49 /* ParallaxCollectionViewCell.m */ = {isa = PBXFileReference; fileEncoding = 4; lastKnownFileType = sourcecode.c.objc; name = ParallaxCollectionViewCell.m; path = Views/Cells/ParallaxCollectionViewCell.m; sourceTree = "<group>"; };
		59BA13C71C60D98C00679C49 /* Revels 16.entitlements */ = {isa = PBXFileReference; lastKnownFileType = text.xml; path = "Revels 16.entitlements"; sourceTree = "<group>"; };
		59BA13CD1C60DE1200679C49 /* REVCategory.h */ = {isa = PBXFileReference; fileEncoding = 4; lastKnownFileType = sourcecode.c.h; name = REVCategory.h; path = Model/Category/REVCategory.h; sourceTree = "<group>"; };
		59BA13CE1C60DE1200679C49 /* REVCategory.m */ = {isa = PBXFileReference; fileEncoding = 4; lastKnownFileType = sourcecode.c.objc; name = REVCategory.m; path = Model/Category/REVCategory.m; sourceTree = "<group>"; };
		59BA13D21C60E28500679C49 /* DADataManager.h */ = {isa = PBXFileReference; fileEncoding = 4; lastKnownFileType = sourcecode.c.h; name = DADataManager.h; path = Model/DADataManager/DADataManager.h; sourceTree = "<group>"; };
		59BA13D31C60E28500679C49 /* DADataManager.m */ = {isa = PBXFileReference; fileEncoding = 4; lastKnownFileType = sourcecode.c.objc; name = DADataManager.m; path = Model/DADataManager/DADataManager.m; sourceTree = "<group>"; };
		59BE4C6E1C66FB05004D28B7 /* CAAnimation+Blocks.h */ = {isa = PBXFileReference; fileEncoding = 4; lastKnownFileType = sourcecode.c.h; path = "CAAnimation+Blocks.h"; sourceTree = "<group>"; };
		59BE4C6F1C66FB05004D28B7 /* CAAnimation+Blocks.m */ = {isa = PBXFileReference; fileEncoding = 4; lastKnownFileType = sourcecode.c.objc; path = "CAAnimation+Blocks.m"; sourceTree = "<group>"; };
		59BE4C981C67548E004D28B7 /* QuartzCore.framework */ = {isa = PBXFileReference; lastKnownFileType = wrapper.framework; name = QuartzCore.framework; path = System/Library/Frameworks/QuartzCore.framework; sourceTree = SDKROOT; };
		59CDF9FD1C72E85B00F41D72 /* UINavigationItem+Loading.h */ = {isa = PBXFileReference; fileEncoding = 4; lastKnownFileType = sourcecode.c.h; path = "UINavigationItem+Loading.h"; sourceTree = "<group>"; };
		59CDF9FE1C72E85B00F41D72 /* UINavigationItem+Loading.m */ = {isa = PBXFileReference; fileEncoding = 4; lastKnownFileType = sourcecode.c.objc; path = "UINavigationItem+Loading.m"; sourceTree = "<group>"; };
		59E086501C685A8A0029EFED /* EventHeaderTableViewCell.h */ = {isa = PBXFileReference; fileEncoding = 4; lastKnownFileType = sourcecode.c.h; name = EventHeaderTableViewCell.h; path = Views/Cells/EventHeaderTableViewCell.h; sourceTree = "<group>"; };
		59E086511C685A8A0029EFED /* EventHeaderTableViewCell.m */ = {isa = PBXFileReference; fileEncoding = 4; lastKnownFileType = sourcecode.c.objc; name = EventHeaderTableViewCell.m; path = Views/Cells/EventHeaderTableViewCell.m; sourceTree = "<group>"; };
		59E086541C686DA80029EFED /* Reachability.h */ = {isa = PBXFileReference; fileEncoding = 4; lastKnownFileType = sourcecode.c.h; path = Reachability.h; sourceTree = "<group>"; };
		59E086551C686DA80029EFED /* Reachability.m */ = {isa = PBXFileReference; fileEncoding = 4; lastKnownFileType = sourcecode.c.objc; path = Reachability.m; sourceTree = "<group>"; };
		59E2883D1C77200700AB01F0 /* LaunchViewController.h */ = {isa = PBXFileReference; fileEncoding = 4; lastKnownFileType = sourcecode.c.h; name = LaunchViewController.h; path = Controllers/Launch/LaunchViewController.h; sourceTree = "<group>"; };
		59E2883E1C77200700AB01F0 /* LaunchViewController.m */ = {isa = PBXFileReference; fileEncoding = 4; lastKnownFileType = sourcecode.c.objc; name = LaunchViewController.m; path = Controllers/Launch/LaunchViewController.m; sourceTree = "<group>"; };
		59F7B2661C5F64CE00471695 /* PrefixHeader.pch */ = {isa = PBXFileReference; fileEncoding = 4; lastKnownFileType = sourcecode.c.h; path = PrefixHeader.pch; sourceTree = "<group>"; };
		59F7B2A41C5F746A00471695 /* EventsListViewController.h */ = {isa = PBXFileReference; fileEncoding = 4; lastKnownFileType = sourcecode.c.h; name = EventsListViewController.h; path = Controllers/Events/EventsListViewController.h; sourceTree = "<group>"; };
		59F7B2A51C5F746A00471695 /* EventsListViewController.m */ = {isa = PBXFileReference; fileEncoding = 4; lastKnownFileType = sourcecode.c.objc; name = EventsListViewController.m; path = Controllers/Events/EventsListViewController.m; sourceTree = "<group>"; };
		59F7B2A71C5F74DB00471695 /* EventsTableViewCell.h */ = {isa = PBXFileReference; fileEncoding = 4; lastKnownFileType = sourcecode.c.h; name = EventsTableViewCell.h; path = Views/Cells/EventsTableViewCell.h; sourceTree = "<group>"; };
		59F7B2A81C5F74DB00471695 /* EventsTableViewCell.m */ = {isa = PBXFileReference; fileEncoding = 4; lastKnownFileType = sourcecode.c.objc; name = EventsTableViewCell.m; path = Views/Cells/EventsTableViewCell.m; sourceTree = "<group>"; };
		59F7B2AB1C5F794B00471695 /* FavouritesTableViewController.h */ = {isa = PBXFileReference; fileEncoding = 4; lastKnownFileType = sourcecode.c.h; name = FavouritesTableViewController.h; path = Controllers/Favourites/FavouritesTableViewController.h; sourceTree = "<group>"; };
		59F7B2AC1C5F794B00471695 /* FavouritesTableViewController.m */ = {isa = PBXFileReference; fileEncoding = 4; lastKnownFileType = sourcecode.c.objc; name = FavouritesTableViewController.m; path = Controllers/Favourites/FavouritesTableViewController.m; sourceTree = "<group>"; };
		59F7B2B21C5F7AD800471695 /* AboutTableViewController.h */ = {isa = PBXFileReference; fileEncoding = 4; lastKnownFileType = sourcecode.c.h; name = AboutTableViewController.h; path = Controllers/About/AboutTableViewController.h; sourceTree = "<group>"; };
		59F7B2B31C5F7AD800471695 /* AboutTableViewController.m */ = {isa = PBXFileReference; fileEncoding = 4; lastKnownFileType = sourcecode.c.objc; name = AboutTableViewController.m; path = Controllers/About/AboutTableViewController.m; sourceTree = "<group>"; };
		59F7B2B61C5F7D7400471695 /* DevelopersViewController.h */ = {isa = PBXFileReference; fileEncoding = 4; lastKnownFileType = sourcecode.c.h; name = DevelopersViewController.h; path = Controllers/Developers/DevelopersViewController.h; sourceTree = "<group>"; };
		59F7B2B71C5F7D7400471695 /* DevelopersViewController.m */ = {isa = PBXFileReference; fileEncoding = 4; lastKnownFileType = sourcecode.c.objc; name = DevelopersViewController.m; path = Controllers/Developers/DevelopersViewController.m; sourceTree = "<group>"; };
		59F7B2BA1C5F7E6D00471695 /* ASMutableURLRequest.h */ = {isa = PBXFileReference; fileEncoding = 4; lastKnownFileType = sourcecode.c.h; name = ASMutableURLRequest.h; path = Libraries/ASMutableURLRequest/ASMutableURLRequest.h; sourceTree = "<group>"; };
		59F7B2BB1C5F7E6D00471695 /* ASMutableURLRequest.m */ = {isa = PBXFileReference; fileEncoding = 4; lastKnownFileType = sourcecode.c.objc; name = ASMutableURLRequest.m; path = Libraries/ASMutableURLRequest/ASMutableURLRequest.m; sourceTree = "<group>"; };
		59F7B2CD1C5FBDF700471695 /* InstagramData.h */ = {isa = PBXFileReference; fileEncoding = 4; lastKnownFileType = sourcecode.c.h; name = InstagramData.h; path = Model/Instagram/InstagramData.h; sourceTree = "<group>"; };
		59F7B2CE1C5FBDF700471695 /* InstagramData.m */ = {isa = PBXFileReference; fileEncoding = 4; lastKnownFileType = sourcecode.c.objc; name = InstagramData.m; path = Model/Instagram/InstagramData.m; sourceTree = "<group>"; };
		59F7B2D01C5FC9BE00471695 /* ImageIO.framework */ = {isa = PBXFileReference; lastKnownFileType = wrapper.framework; name = ImageIO.framework; path = System/Library/Frameworks/ImageIO.framework; sourceTree = SDKROOT; };
		59F7B2D21C5FD04000471695 /* InstagramDetailViewController.h */ = {isa = PBXFileReference; fileEncoding = 4; lastKnownFileType = sourcecode.c.h; name = InstagramDetailViewController.h; path = Controllers/Instagram/InstagramDetailViewController.h; sourceTree = "<group>"; };
		59F7B2D31C5FD04000471695 /* InstagramDetailViewController.m */ = {isa = PBXFileReference; fileEncoding = 4; lastKnownFileType = sourcecode.c.objc; name = InstagramDetailViewController.m; path = Controllers/Instagram/InstagramDetailViewController.m; sourceTree = "<group>"; };
		59F7B2DA1C5FD4BD00471695 /* UIImage+ImageEffects.h */ = {isa = PBXFileReference; fileEncoding = 4; lastKnownFileType = sourcecode.c.h; path = "UIImage+ImageEffects.h"; sourceTree = "<group>"; };
		59F7B2DB1C5FD4BD00471695 /* UIImage+ImageEffects.m */ = {isa = PBXFileReference; fileEncoding = 4; lastKnownFileType = sourcecode.c.objc; path = "UIImage+ImageEffects.m"; sourceTree = "<group>"; };
		59FE791A1C61B3F700EC61A0 /* ExtendedNavBarView.h */ = {isa = PBXFileReference; fileEncoding = 4; lastKnownFileType = sourcecode.c.h; name = ExtendedNavBarView.h; path = Views/ExtendedNavBarView/ExtendedNavBarView.h; sourceTree = "<group>"; };
		59FE791B1C61B3F700EC61A0 /* ExtendedNavBarView.m */ = {isa = PBXFileReference; fileEncoding = 4; lastKnownFileType = sourcecode.c.objc; name = ExtendedNavBarView.m; path = Views/ExtendedNavBarView/ExtendedNavBarView.m; sourceTree = "<group>"; };
		59FE792F1C61C77700EC61A0 /* REVEvent+CoreDataProperties.h */ = {isa = PBXFileReference; fileEncoding = 4; lastKnownFileType = sourcecode.c.h; name = "REVEvent+CoreDataProperties.h"; path = "Model/Event/REVEvent+CoreDataProperties.h"; sourceTree = "<group>"; };
		59FE79301C61C77700EC61A0 /* REVEvent+CoreDataProperties.m */ = {isa = PBXFileReference; fileEncoding = 4; lastKnownFileType = sourcecode.c.objc; name = "REVEvent+CoreDataProperties.m"; path = "Model/Event/REVEvent+CoreDataProperties.m"; sourceTree = "<group>"; };
		59FE79311C61C77700EC61A0 /* REVEvent.h */ = {isa = PBXFileReference; fileEncoding = 4; lastKnownFileType = sourcecode.c.h; name = REVEvent.h; path = Model/Event/REVEvent.h; sourceTree = "<group>"; };
		59FE79321C61C77700EC61A0 /* REVEvent.m */ = {isa = PBXFileReference; fileEncoding = 4; lastKnownFileType = sourcecode.c.objc; name = REVEvent.m; path = Model/Event/REVEvent.m; sourceTree = "<group>"; };
		59FE79351C625A1000EC61A0 /* InstagramRootViewController.h */ = {isa = PBXFileReference; fileEncoding = 4; lastKnownFileType = sourcecode.c.h; name = InstagramRootViewController.h; path = Controllers/Instagram/InstagramRootViewController.h; sourceTree = "<group>"; };
		59FE79361C625A1000EC61A0 /* InstagramRootViewController.m */ = {isa = PBXFileReference; fileEncoding = 4; lastKnownFileType = sourcecode.c.objc; name = InstagramRootViewController.m; path = Controllers/Instagram/InstagramRootViewController.m; sourceTree = "<group>"; };
		59FE793A1C62670200EC61A0 /* CrossButton.h */ = {isa = PBXFileReference; fileEncoding = 4; lastKnownFileType = sourcecode.c.h; path = CrossButton.h; sourceTree = "<group>"; };
		59FE793B1C62670200EC61A0 /* CrossButton.m */ = {isa = PBXFileReference; fileEncoding = 4; lastKnownFileType = sourcecode.c.objc; path = CrossButton.m; sourceTree = "<group>"; };
		A36625A11C74E58D004F5D71 /* Bolts.framework */ = {isa = PBXFileReference; lastKnownFileType = wrapper.framework; name = Bolts.framework; path = "../../parse-library/Bolts.framework"; sourceTree = "<group>"; };
		A36625A21C74E58D004F5D71 /* Parse.framework */ = {isa = PBXFileReference; lastKnownFileType = wrapper.framework; name = Parse.framework; path = "../../parse-library/Parse.framework"; sourceTree = "<group>"; };
		A7D306B1EDF2F2E2053521A6 /* libPods-Revels 16.a */ = {isa = PBXFileReference; explicitFileType = archive.ar; includeInIndex = 0; path = "libPods-Revels 16.a"; sourceTree = BUILT_PRODUCTS_DIR; };
		E2288AEFED249667A1BA3B48 /* Pods-Revels 16.debug.xcconfig */ = {isa = PBXFileReference; includeInIndex = 1; lastKnownFileType = text.xcconfig; name = "Pods-Revels 16.debug.xcconfig"; path = "Pods/Target Support Files/Pods-Revels 16/Pods-Revels 16.debug.xcconfig"; sourceTree = "<group>"; };
/* End PBXFileReference section */

/* Begin PBXFrameworksBuildPhase section */
		596F91B61C5F18F9000CBD48 /* Frameworks */ = {
			isa = PBXFrameworksBuildPhase;
			buildActionMask = 2147483647;
			files = (
				18A64A1D1C74D1AB008B2170 /* libsqlite3.tbd in Frameworks */,
				18A64A1B1C74D19E008B2170 /* AudioToolbox.framework in Frameworks */,
				18A64A191C74D152008B2170 /* CoreGraphics.framework in Frameworks */,
				18A64A171C74D148008B2170 /* SystemConfiguration.framework in Frameworks */,
				59BE4C991C67548E004D28B7 /* QuartzCore.framework in Frameworks */,
				59F7B2D11C5FC9BF00471695 /* ImageIO.framework in Frameworks */,
				EA71DC15ED94DADB4D40D132 /* libPods-Revels 16.a in Frameworks */,
			);
			runOnlyForDeploymentPostprocessing = 0;
		};
/* End PBXFrameworksBuildPhase section */

/* Begin PBXGroup section */
		5910A8E81C737DA20063249F /* Result */ = {
			isa = PBXGroup;
			children = (
				5910A8EA1C737DC00063249F /* REVResult.h */,
				5910A8EB1C737DC00063249F /* REVResult.m */,
			);
			name = Result;
			sourceTree = "<group>";
		};
		5910A8EF1C738F670063249F /* Results */ = {
			isa = PBXGroup;
			children = (
				5910A8FB1C7399880063249F /* ResultsHeaderView.h */,
				5910A8FC1C7399880063249F /* ResultsHeaderView.m */,
				5910A8F61C73980D0063249F /* ResultsHeaderView.xib */,
			);
			name = Results;
			sourceTree = "<group>";
		};
		5910A8FE1C739E5C0063249F /* About Background View */ = {
			isa = PBXGroup;
			children = (
				5910A90B1C749B890063249F /* AboutBackgroundView.h */,
				5910A90C1C749B890063249F /* AboutBackgroundView.m */,
			);
			name = "About Background View";
			sourceTree = "<group>";
		};
		5910A91A1C749BE20063249F /* Labels */ = {
			isa = PBXGroup;
			children = (
				5910A91B1C749BE20063249F /* RoundedLabel.h */,
				5910A91C1C749BE20063249F /* RoundedLabel.m */,
				5910A91D1C749BE20063249F /* UnderlinedLabel.h */,
				5910A91E1C749BE20063249F /* UnderlinedLabel.m */,
			);
			name = Labels;
			path = Views/Labels;
			sourceTree = "<group>";
		};
		592AE8211C69037B00256BDA /* Color */ = {
			isa = PBXGroup;
			children = (
				592AE8221C69037B00256BDA /* Colours.h */,
				592AE8231C69037B00256BDA /* Colours.m */,
			);
			name = Color;
			path = Libraries/Color;
			sourceTree = "<group>";
		};
		5962B05B1C650E86009290B2 /* HexagonalDevView */ = {
			isa = PBXGroup;
			children = (
				5962B05C1C650EA6009290B2 /* DAHexagonalView.h */,
				5962B05D1C650EA6009290B2 /* DAHexagonalView.m */,
			);
			name = HexagonalDevView;
			sourceTree = "<group>";
		};
		596A7BE81C6A1EB200EB74B1 /* DevDetailView */ = {
			isa = PBXGroup;
			children = (
				596A7BE91C6A1ED400EB74B1 /* DeveloperDetailView.h */,
				596A7BEA1C6A1ED400EB74B1 /* DeveloperDetailView.m */,
				596A7BEE1C6A1EF400EB74B1 /* DeveloperDetailView.xib */,
			);
			name = DevDetailView;
			sourceTree = "<group>";
		};
		596A7BF01C6A42E900EB74B1 /* Fonts */ = {
			isa = PBXGroup;
			children = (
				596A7BF11C6A42E900EB74B1 /* AvenirCondensedHand.ttf */,
				596A7BF21C6A42E900EB74B1 /* LeagueGothic.otf */,
				596A7BF31C6A42E900EB74B1 /* PixelCalculon.otf */,
			);
			path = Fonts;
			sourceTree = "<group>";
		};
		596F91B01C5F18F9000CBD48 = {
			isa = PBXGroup;
			children = (
				596F91BB1C5F18F9000CBD48 /* Revels 16 */,
				596F91BA1C5F18F9000CBD48 /* Products */,
				8F15D47B282FEBBCEC28877F /* Pods */,
				9D4BA4DDFB93C96C01B29C17 /* Frameworks */,
			);
			sourceTree = "<group>";
		};
		596F91BA1C5F18F9000CBD48 /* Products */ = {
			isa = PBXGroup;
			children = (
				596F91B91C5F18F9000CBD48 /* Revels 16.app */,
			);
			name = Products;
			sourceTree = "<group>";
		};
		596F91BB1C5F18F9000CBD48 /* Revels 16 */ = {
			isa = PBXGroup;
			children = (
				59BA13C71C60D98C00679C49 /* Revels 16.entitlements */,
				596F91CB1C5F18F9000CBD48 /* Assets.xcassets */,
				596F91DB1C5F1B3A000CBD48 /* Libraries */,
				596F91D61C5F1913000CBD48 /* App Delegate */,
				596F91DA1C5F1931000CBD48 /* Model */,
				596F91D91C5F1927000CBD48 /* Views */,
				596F91D81C5F191E000CBD48 /* Controllers */,
				596F91BC1C5F18F9000CBD48 /* Supporting Files */,
			);
			path = "Revels 16";
			sourceTree = "<group>";
		};
		596F91BC1C5F18F9000CBD48 /* Supporting Files */ = {
			isa = PBXGroup;
			children = (
				59F7B2661C5F64CE00471695 /* PrefixHeader.pch */,
				596F91D01C5F18F9000CBD48 /* Info.plist */,
				596F91BD1C5F18F9000CBD48 /* main.m */,
				596A7BF01C6A42E900EB74B1 /* Fonts */,
			);
			name = "Supporting Files";
			sourceTree = "<group>";
		};
		596F91D61C5F1913000CBD48 /* App Delegate */ = {
			isa = PBXGroup;
			children = (
				596F91BF1C5F18F9000CBD48 /* AppDelegate.h */,
				596F91C01C5F18F9000CBD48 /* AppDelegate.m */,
			);
			name = "App Delegate";
			sourceTree = "<group>";
		};
		596F91D71C5F191A000CBD48 /* Categories */ = {
			isa = PBXGroup;
			children = (
				596F920D1C5F3651000CBD48 /* CategoriesTableViewController.h */,
				596F920E1C5F3651000CBD48 /* CategoriesTableViewController.m */,
			);
			name = Categories;
			sourceTree = "<group>";
		};
		596F91D81C5F191E000CBD48 /* Controllers */ = {
			isa = PBXGroup;
			children = (
				59E2883B1C771FF200AB01F0 /* Launch */,
				596F91D71C5F191A000CBD48 /* Categories */,
				59F7B2A31C5F744B00471695 /* Events */,
				59F7B2BD1C5F800300471695 /* Instagram */,
				598189EF1C707F0B00F9AB1D /* Results */,
				598189F41C7080CA00F9AB1D /* More */,
			);
			name = Controllers;
			sourceTree = "<group>";
		};
		596F91D91C5F1927000CBD48 /* Views */ = {
			isa = PBXGroup;
			children = (
				5910A8FE1C739E5C0063249F /* About Background View */,
				59A7CE921C6CB6DC001682F3 /* EventInfoView */,
				596A7BE81C6A1EB200EB74B1 /* DevDetailView */,
				5962B05B1C650E86009290B2 /* HexagonalDevView */,
				59FE79191C61B3D900EC61A0 /* ExtendedBarView */,
				59FE79391C62670200EC61A0 /* Buttons */,
				5910A91A1C749BE20063249F /* Labels */,
				596F92101C5F3698000CBD48 /* Cells */,
				596F91C51C5F18F9000CBD48 /* Main.storyboard */,
				596F91CD1C5F18F9000CBD48 /* LaunchScreen.storyboard */,
			);
			name = Views;
			sourceTree = "<group>";
		};
		596F91DA1C5F1931000CBD48 /* Model */ = {
			isa = PBXGroup;
			children = (
				59BA13D11C60E22900679C49 /* Data Manager */,
				59BA13C81C60DD9D00679C49 /* Categories */,
				59FE79221C61C6B600EC61A0 /* Event */,
				5910A8E81C737DA20063249F /* Result */,
				59F7B2CC1C5FBD2100471695 /* Instagram */,
				596F91C81C5F18F9000CBD48 /* Revels_16.xcdatamodeld */,
			);
			name = Model;
			sourceTree = "<group>";
		};
		596F91DB1C5F1B3A000CBD48 /* Libraries */ = {
			isa = PBXGroup;
			children = (
				59CDF9FC1C72E85B00F41D72 /* UINavigationItem+Loading */,
				592AE8211C69037B00256BDA /* Color */,
				59E086531C686DA80029EFED /* Reachability */,
				59BE4C6D1C66FB05004D28B7 /* CAAnimation+Blocks */,
				59F7B2D91C5FD4BD00471695 /* UIImage+ImageEffects */,
				59F7B2B91C5F7E4900471695 /* ASMutableURLRequest */,
			);
			name = Libraries;
			sourceTree = "<group>";
		};
		596F92101C5F3698000CBD48 /* Cells */ = {
			isa = PBXGroup;
			children = (
				5910A8EF1C738F670063249F /* Results */,
				598189FE1C709A2F00F9AB1D /* More */,
				59BA13B51C60797100679C49 /* Parallax Instagram */,
				59BA13B31C60796800679C49 /* Events */,
				59BA13B11C60795E00679C49 /* Categories */,
			);
			name = Cells;
			sourceTree = "<group>";
		};
		598189EF1C707F0B00F9AB1D /* Results */ = {
			isa = PBXGroup;
			children = (
				598189F11C707F2E00F9AB1D /* ResultsTableViewController.h */,
				598189F21C707F2E00F9AB1D /* ResultsTableViewController.m */,
			);
			name = Results;
			sourceTree = "<group>";
		};
		598189F41C7080CA00F9AB1D /* More */ = {
			isa = PBXGroup;
			children = (
				598189F71C70810300F9AB1D /* MoreViewController.h */,
				598189F81C70810300F9AB1D /* MoreViewController.m */,
				59F7B2B11C5F7ACA00471695 /* About */,
				598189F51C7080E100F9AB1D /* Register */,
				59F7B2AA1C5F78D800471695 /* Favourites */,
				59F7B2B51C5F7D2A00471695 /* Developers */,
			);
			name = More;
			sourceTree = "<group>";
		};
		598189F51C7080E100F9AB1D /* Register */ = {
			isa = PBXGroup;
			children = (
				598189FB1C7081FF00F9AB1D /* RegisterWebViewController.h */,
				598189FC1C7081FF00F9AB1D /* RegisterWebViewController.m */,
			);
			name = Register;
			sourceTree = "<group>";
		};
		598189FE1C709A2F00F9AB1D /* More */ = {
			isa = PBXGroup;
			children = (
				59818A001C709A4E00F9AB1D /* MoreCollectionViewCell.h */,
				59818A011C709A4E00F9AB1D /* MoreCollectionViewCell.m */,
			);
			name = More;
			sourceTree = "<group>";
		};
		5989871A1C6AFED40042148B /* Easter Egg */ = {
			isa = PBXGroup;
			children = (
				5989871B1C6AFF030042148B /* EasterEggViewController.h */,
				5989871C1C6AFF030042148B /* EasterEggViewController.m */,
			);
			name = "Easter Egg";
			sourceTree = "<group>";
		};
		59A7CE921C6CB6DC001682F3 /* EventInfoView */ = {
			isa = PBXGroup;
			children = (
				59A7CE931C6CB6F1001682F3 /* EventInfoView.h */,
				59A7CE941C6CB6F1001682F3 /* EventInfoView.m */,
				59A7CE961C6CB700001682F3 /* EventInfoView.xib */,
			);
			name = EventInfoView;
			sourceTree = "<group>";
		};
		59BA13B11C60795E00679C49 /* Categories */ = {
			isa = PBXGroup;
			children = (
				596F92111C5F36B4000CBD48 /* CategoriesTableViewCell.h */,
				596F92121C5F36B4000CBD48 /* CategoriesTableViewCell.m */,
			);
			name = Categories;
			sourceTree = "<group>";
		};
		59BA13B31C60796800679C49 /* Events */ = {
			isa = PBXGroup;
			children = (
				59F7B2A71C5F74DB00471695 /* EventsTableViewCell.h */,
				59F7B2A81C5F74DB00471695 /* EventsTableViewCell.m */,
				59E086501C685A8A0029EFED /* EventHeaderTableViewCell.h */,
				59E086511C685A8A0029EFED /* EventHeaderTableViewCell.m */,
				598189ED1C70527900F9AB1D /* EventHeaderTableViewCell.xib */,
			);
			name = Events;
			sourceTree = "<group>";
		};
		59BA13B51C60797100679C49 /* Parallax Instagram */ = {
			isa = PBXGroup;
			children = (
				59BA13B61C6079B600679C49 /* ParallaxCollectionViewCell.h */,
				59BA13B71C6079B600679C49 /* ParallaxCollectionViewCell.m */,
			);
			name = "Parallax Instagram";
			sourceTree = "<group>";
		};
		59BA13BB1C608AE800679C49 /* Collection */ = {
			isa = PBXGroup;
			children = (
				59BA13AC1C60764D00679C49 /* InstagramV2ViewController.h */,
				59BA13AD1C60764D00679C49 /* InstagramV2ViewController.m */,
			);
			name = Collection;
			sourceTree = "<group>";
		};
		59BA13BC1C608AEB00679C49 /* Detail */ = {
			isa = PBXGroup;
			children = (
				59F7B2D21C5FD04000471695 /* InstagramDetailViewController.h */,
				59F7B2D31C5FD04000471695 /* InstagramDetailViewController.m */,
			);
			name = Detail;
			sourceTree = "<group>";
		};
		59BA13C81C60DD9D00679C49 /* Categories */ = {
			isa = PBXGroup;
			children = (
				59BA13CD1C60DE1200679C49 /* REVCategory.h */,
				59BA13CE1C60DE1200679C49 /* REVCategory.m */,
			);
			name = Categories;
			sourceTree = "<group>";
		};
		59BA13D11C60E22900679C49 /* Data Manager */ = {
			isa = PBXGroup;
			children = (
				59BA13D21C60E28500679C49 /* DADataManager.h */,
				59BA13D31C60E28500679C49 /* DADataManager.m */,
			);
			name = "Data Manager";
			sourceTree = "<group>";
		};
		59BE4C6D1C66FB05004D28B7 /* CAAnimation+Blocks */ = {
			isa = PBXGroup;
			children = (
				59BE4C6E1C66FB05004D28B7 /* CAAnimation+Blocks.h */,
				59BE4C6F1C66FB05004D28B7 /* CAAnimation+Blocks.m */,
			);
			name = "CAAnimation+Blocks";
			path = "Libraries/CAAnimation+Blocks";
			sourceTree = "<group>";
		};
		59CDF9FC1C72E85B00F41D72 /* UINavigationItem+Loading */ = {
			isa = PBXGroup;
			children = (
				59CDF9FD1C72E85B00F41D72 /* UINavigationItem+Loading.h */,
				59CDF9FE1C72E85B00F41D72 /* UINavigationItem+Loading.m */,
			);
			name = "UINavigationItem+Loading";
			path = "Libraries/UINavigationItem+Loading";
			sourceTree = "<group>";
		};
		59E086531C686DA80029EFED /* Reachability */ = {
			isa = PBXGroup;
			children = (
				59E086541C686DA80029EFED /* Reachability.h */,
				59E086551C686DA80029EFED /* Reachability.m */,
			);
			name = Reachability;
			path = Libraries/Reachability;
			sourceTree = "<group>";
		};
		59E2883B1C771FF200AB01F0 /* Launch */ = {
			isa = PBXGroup;
			children = (
				59E2883D1C77200700AB01F0 /* LaunchViewController.h */,
				59E2883E1C77200700AB01F0 /* LaunchViewController.m */,
			);
			name = Launch;
			sourceTree = "<group>";
		};
		59F7B2A31C5F744B00471695 /* Events */ = {
			isa = PBXGroup;
			children = (
				59F7B2A41C5F746A00471695 /* EventsListViewController.h */,
				59F7B2A51C5F746A00471695 /* EventsListViewController.m */,
				59130F151C63612100A45854 /* EventByCategoryViewController.h */,
				59130F161C63612100A45854 /* EventByCategoryViewController.m */,
			);
			name = Events;
			sourceTree = "<group>";
		};
		59F7B2AA1C5F78D800471695 /* Favourites */ = {
			isa = PBXGroup;
			children = (
				59F7B2AB1C5F794B00471695 /* FavouritesTableViewController.h */,
				59F7B2AC1C5F794B00471695 /* FavouritesTableViewController.m */,
			);
			name = Favourites;
			sourceTree = "<group>";
		};
		59F7B2B11C5F7ACA00471695 /* About */ = {
			isa = PBXGroup;
			children = (
				59F7B2B21C5F7AD800471695 /* AboutTableViewController.h */,
				59F7B2B31C5F7AD800471695 /* AboutTableViewController.m */,
			);
			name = About;
			sourceTree = "<group>";
		};
		59F7B2B51C5F7D2A00471695 /* Developers */ = {
			isa = PBXGroup;
			children = (
				59F7B2B61C5F7D7400471695 /* DevelopersViewController.h */,
				59F7B2B71C5F7D7400471695 /* DevelopersViewController.m */,
				5989871A1C6AFED40042148B /* Easter Egg */,
			);
			name = Developers;
			sourceTree = "<group>";
		};
		59F7B2B91C5F7E4900471695 /* ASMutableURLRequest */ = {
			isa = PBXGroup;
			children = (
				59F7B2BA1C5F7E6D00471695 /* ASMutableURLRequest.h */,
				59F7B2BB1C5F7E6D00471695 /* ASMutableURLRequest.m */,
			);
			name = ASMutableURLRequest;
			sourceTree = "<group>";
		};
		59F7B2BD1C5F800300471695 /* Instagram */ = {
			isa = PBXGroup;
			children = (
				59BA13BB1C608AE800679C49 /* Collection */,
				59FE79381C625A1700EC61A0 /* Page Root */,
				59BA13BC1C608AEB00679C49 /* Detail */,
			);
			name = Instagram;
			sourceTree = "<group>";
		};
		59F7B2CC1C5FBD2100471695 /* Instagram */ = {
			isa = PBXGroup;
			children = (
				59F7B2CD1C5FBDF700471695 /* InstagramData.h */,
				59F7B2CE1C5FBDF700471695 /* InstagramData.m */,
			);
			name = Instagram;
			sourceTree = "<group>";
		};
		59F7B2D91C5FD4BD00471695 /* UIImage+ImageEffects */ = {
			isa = PBXGroup;
			children = (
				59F7B2DA1C5FD4BD00471695 /* UIImage+ImageEffects.h */,
				59F7B2DB1C5FD4BD00471695 /* UIImage+ImageEffects.m */,
			);
			name = "UIImage+ImageEffects";
			path = "Libraries/UIImage+ImageEffects";
			sourceTree = "<group>";
		};
		59FE79191C61B3D900EC61A0 /* ExtendedBarView */ = {
			isa = PBXGroup;
			children = (
				59FE791A1C61B3F700EC61A0 /* ExtendedNavBarView.h */,
				59FE791B1C61B3F700EC61A0 /* ExtendedNavBarView.m */,
			);
			name = ExtendedBarView;
			sourceTree = "<group>";
		};
		59FE79221C61C6B600EC61A0 /* Event */ = {
			isa = PBXGroup;
			children = (
				59FE792F1C61C77700EC61A0 /* REVEvent+CoreDataProperties.h */,
				59FE79301C61C77700EC61A0 /* REVEvent+CoreDataProperties.m */,
				59FE79311C61C77700EC61A0 /* REVEvent.h */,
				59FE79321C61C77700EC61A0 /* REVEvent.m */,
			);
			name = Event;
			sourceTree = "<group>";
		};
		59FE79381C625A1700EC61A0 /* Page Root */ = {
			isa = PBXGroup;
			children = (
				59FE79351C625A1000EC61A0 /* InstagramRootViewController.h */,
				59FE79361C625A1000EC61A0 /* InstagramRootViewController.m */,
			);
			name = "Page Root";
			sourceTree = "<group>";
		};
		59FE79391C62670200EC61A0 /* Buttons */ = {
			isa = PBXGroup;
			children = (
				59FE793A1C62670200EC61A0 /* CrossButton.h */,
				59FE793B1C62670200EC61A0 /* CrossButton.m */,
			);
			name = Buttons;
			path = "Views/Cross Button";
			sourceTree = "<group>";
		};
		8F15D47B282FEBBCEC28877F /* Pods */ = {
			isa = PBXGroup;
			children = (
				E2288AEFED249667A1BA3B48 /* Pods-Revels 16.debug.xcconfig */,
				0014C87AD6BCC627A4D33296 /* Pods-Revels 16.release.xcconfig */,
			);
			name = Pods;
			sourceTree = "<group>";
		};
		9D4BA4DDFB93C96C01B29C17 /* Frameworks */ = {
			isa = PBXGroup;
			children = (
				A36625A11C74E58D004F5D71 /* Bolts.framework */,
				A36625A21C74E58D004F5D71 /* Parse.framework */,
				18A64A1C1C74D1AA008B2170 /* libsqlite3.tbd */,
				18A64A1A1C74D19E008B2170 /* AudioToolbox.framework */,
				18A64A181C74D152008B2170 /* CoreGraphics.framework */,
				18A64A161C74D148008B2170 /* SystemConfiguration.framework */,
				59BE4C981C67548E004D28B7 /* QuartzCore.framework */,
				59F7B2D01C5FC9BE00471695 /* ImageIO.framework */,
				A7D306B1EDF2F2E2053521A6 /* libPods-Revels 16.a */,
			);
			name = Frameworks;
			sourceTree = "<group>";
		};
/* End PBXGroup section */

/* Begin PBXNativeTarget section */
		596F91B81C5F18F9000CBD48 /* Revels 16 */ = {
			isa = PBXNativeTarget;
			buildConfigurationList = 596F91D31C5F18F9000CBD48 /* Build configuration list for PBXNativeTarget "Revels 16" */;
			buildPhases = (
				FD0A21D6A082804A08011CE8 /* Check Pods Manifest.lock */,
				596F91B51C5F18F9000CBD48 /* Sources */,
				596F91B61C5F18F9000CBD48 /* Frameworks */,
				596F91B71C5F18F9000CBD48 /* Resources */,
				D1BD4F8C1E6E039AEAFDD2BF /* Embed Pods Frameworks */,
				97252CCED4870092F22885F0 /* Copy Pods Resources */,
			);
			buildRules = (
			);
			dependencies = (
			);
			name = "Revels 16";
			productName = "Revels 16";
			productReference = 596F91B91C5F18F9000CBD48 /* Revels 16.app */;
			productType = "com.apple.product-type.application";
		};
/* End PBXNativeTarget section */

/* Begin PBXProject section */
		596F91B11C5F18F9000CBD48 /* Project object */ = {
			isa = PBXProject;
			attributes = {
				LastUpgradeCheck = 0720;
				ORGANIZATIONNAME = LUG;
				TargetAttributes = {
					596F91B81C5F18F9000CBD48 = {
						CreatedOnToolsVersion = 7.2;
						SystemCapabilities = {
							com.apple.ApplicationGroups.iOS = {
								enabled = 0;
							};
							com.apple.Push = {
								enabled = 0;
							};
						};
					};
				};
			};
			buildConfigurationList = 596F91B41C5F18F9000CBD48 /* Build configuration list for PBXProject "Revels 16" */;
			compatibilityVersion = "Xcode 3.2";
			developmentRegion = English;
			hasScannedForEncodings = 0;
			knownRegions = (
				en,
				Base,
			);
			mainGroup = 596F91B01C5F18F9000CBD48;
			productRefGroup = 596F91BA1C5F18F9000CBD48 /* Products */;
			projectDirPath = "";
			projectRoot = "";
			targets = (
				596F91B81C5F18F9000CBD48 /* Revels 16 */,
			);
		};
/* End PBXProject section */

/* Begin PBXResourcesBuildPhase section */
		596F91B71C5F18F9000CBD48 /* Resources */ = {
			isa = PBXResourcesBuildPhase;
			buildActionMask = 2147483647;
			files = (
				596A7BEF1C6A1EF400EB74B1 /* DeveloperDetailView.xib in Resources */,
				596F91CF1C5F18F9000CBD48 /* LaunchScreen.storyboard in Resources */,
				5910A8F71C73980D0063249F /* ResultsHeaderView.xib in Resources */,
				596F91CC1C5F18F9000CBD48 /* Assets.xcassets in Resources */,
				59A7CE971C6CB700001682F3 /* EventInfoView.xib in Resources */,
				596A7BF41C6A42E900EB74B1 /* AvenirCondensedHand.ttf in Resources */,
				596A7BF51C6A42E900EB74B1 /* LeagueGothic.otf in Resources */,
				598189EE1C70527900F9AB1D /* EventHeaderTableViewCell.xib in Resources */,
				596F91C71C5F18F9000CBD48 /* Main.storyboard in Resources */,
				596A7BF61C6A42E900EB74B1 /* PixelCalculon.otf in Resources */,
			);
			runOnlyForDeploymentPostprocessing = 0;
		};
/* End PBXResourcesBuildPhase section */

/* Begin PBXShellScriptBuildPhase section */
		97252CCED4870092F22885F0 /* Copy Pods Resources */ = {
			isa = PBXShellScriptBuildPhase;
			buildActionMask = 2147483647;
			files = (
			);
			inputPaths = (
			);
			name = "Copy Pods Resources";
			outputPaths = (
			);
			runOnlyForDeploymentPostprocessing = 0;
			shellPath = /bin/sh;
			shellScript = "\"${SRCROOT}/Pods/Target Support Files/Pods-Revels 16/Pods-Revels 16-resources.sh\"\n";
			showEnvVarsInLog = 0;
		};
		D1BD4F8C1E6E039AEAFDD2BF /* Embed Pods Frameworks */ = {
			isa = PBXShellScriptBuildPhase;
			buildActionMask = 2147483647;
			files = (
			);
			inputPaths = (
			);
			name = "Embed Pods Frameworks";
			outputPaths = (
			);
			runOnlyForDeploymentPostprocessing = 0;
			shellPath = /bin/sh;
			shellScript = "\"${SRCROOT}/Pods/Target Support Files/Pods-Revels 16/Pods-Revels 16-frameworks.sh\"\n";
			showEnvVarsInLog = 0;
		};
		FD0A21D6A082804A08011CE8 /* Check Pods Manifest.lock */ = {
			isa = PBXShellScriptBuildPhase;
			buildActionMask = 2147483647;
			files = (
			);
			inputPaths = (
			);
			name = "Check Pods Manifest.lock";
			outputPaths = (
			);
			runOnlyForDeploymentPostprocessing = 0;
			shellPath = /bin/sh;
			shellScript = "diff \"${PODS_ROOT}/../Podfile.lock\" \"${PODS_ROOT}/Manifest.lock\" > /dev/null\nif [[ $? != 0 ]] ; then\n    cat << EOM\nerror: The sandbox is not in sync with the Podfile.lock. Run 'pod install' or update your CocoaPods installation.\nEOM\n    exit 1\nfi\n";
			showEnvVarsInLog = 0;
		};
/* End PBXShellScriptBuildPhase section */

/* Begin PBXSourcesBuildPhase section */
		596F91B51C5F18F9000CBD48 /* Sources */ = {
			isa = PBXSourcesBuildPhase;
			buildActionMask = 2147483647;
			files = (
				59130F171C63612100A45854 /* EventByCategoryViewController.m in Sources */,
				596F91CA1C5F18F9000CBD48 /* Revels_16.xcdatamodeld in Sources */,
				598189F31C707F2E00F9AB1D /* ResultsTableViewController.m in Sources */,
				598189FD1C7081FF00F9AB1D /* RegisterWebViewController.m in Sources */,
				59F7B2DC1C5FD4BD00471695 /* UIImage+ImageEffects.m in Sources */,
				596A7BEB1C6A1ED400EB74B1 /* DeveloperDetailView.m in Sources */,
				5989871D1C6AFF030042148B /* EasterEggViewController.m in Sources */,
				59F7B2A61C5F746A00471695 /* EventsListViewController.m in Sources */,
				5910A9201C749BE20063249F /* UnderlinedLabel.m in Sources */,
				59F7B2B81C5F7D7400471695 /* DevelopersViewController.m in Sources */,
				59CDF9FF1C72E85B00F41D72 /* UINavigationItem+Loading.m in Sources */,
				596F91C11C5F18F9000CBD48 /* AppDelegate.m in Sources */,
				592AE8241C69037B00256BDA /* Colours.m in Sources */,
				59F7B2AD1C5F794B00471695 /* FavouritesTableViewController.m in Sources */,
				596F92131C5F36B4000CBD48 /* CategoriesTableViewCell.m in Sources */,
				59FE793C1C62670200EC61A0 /* CrossButton.m in Sources */,
				5910A90D1C749B890063249F /* AboutBackgroundView.m in Sources */,
				59FE791C1C61B3F700EC61A0 /* ExtendedNavBarView.m in Sources */,
				598189F91C70810300F9AB1D /* MoreViewController.m in Sources */,
				59E2883F1C77200700AB01F0 /* LaunchViewController.m in Sources */,
				59F7B2BC1C5F7E6D00471695 /* ASMutableURLRequest.m in Sources */,
				59E086561C686DA80029EFED /* Reachability.m in Sources */,
				596F920F1C5F3651000CBD48 /* CategoriesTableViewController.m in Sources */,
				5910A8FD1C7399880063249F /* ResultsHeaderView.m in Sources */,
				59F7B2A91C5F74DB00471695 /* EventsTableViewCell.m in Sources */,
				59BA13CF1C60DE1200679C49 /* REVCategory.m in Sources */,
				596F91BE1C5F18F9000CBD48 /* main.m in Sources */,
				59818A021C709A4E00F9AB1D /* MoreCollectionViewCell.m in Sources */,
				59F7B2B41C5F7AD800471695 /* AboutTableViewController.m in Sources */,
				59A7CE951C6CB6F1001682F3 /* EventInfoView.m in Sources */,
				59E086521C685A8A0029EFED /* EventHeaderTableViewCell.m in Sources */,
				59FE79371C625A1000EC61A0 /* InstagramRootViewController.m in Sources */,
				59BA13D41C60E28500679C49 /* DADataManager.m in Sources */,
				5910A91F1C749BE20063249F /* RoundedLabel.m in Sources */,
				5910A8EC1C737DC00063249F /* REVResult.m in Sources */,
				59FE79331C61C77700EC61A0 /* REVEvent+CoreDataProperties.m in Sources */,
				59F7B2D41C5FD04000471695 /* InstagramDetailViewController.m in Sources */,
				5962B05E1C650EA6009290B2 /* DAHexagonalView.m in Sources */,
				59F7B2CF1C5FBDF700471695 /* InstagramData.m in Sources */,
				59BE4C701C66FB05004D28B7 /* CAAnimation+Blocks.m in Sources */,
				59BA13B81C6079B600679C49 /* ParallaxCollectionViewCell.m in Sources */,
				59BA13AE1C60764D00679C49 /* InstagramV2ViewController.m in Sources */,
				59FE79341C61C77700EC61A0 /* REVEvent.m in Sources */,
			);
			runOnlyForDeploymentPostprocessing = 0;
		};
/* End PBXSourcesBuildPhase section */

/* Begin PBXVariantGroup section */
		596F91C51C5F18F9000CBD48 /* Main.storyboard */ = {
			isa = PBXVariantGroup;
			children = (
				596F91C61C5F18F9000CBD48 /* Base */,
			);
			name = Main.storyboard;
			sourceTree = "<group>";
		};
		596F91CD1C5F18F9000CBD48 /* LaunchScreen.storyboard */ = {
			isa = PBXVariantGroup;
			children = (
				596F91CE1C5F18F9000CBD48 /* Base */,
			);
			name = LaunchScreen.storyboard;
			sourceTree = "<group>";
		};
/* End PBXVariantGroup section */

/* Begin XCBuildConfiguration section */
		596F91D11C5F18F9000CBD48 /* Debug */ = {
			isa = XCBuildConfiguration;
			buildSettings = {
				ALWAYS_SEARCH_USER_PATHS = NO;
				CLANG_CXX_LANGUAGE_STANDARD = "gnu++0x";
				CLANG_CXX_LIBRARY = "libc++";
				CLANG_ENABLE_MODULES = YES;
				CLANG_ENABLE_OBJC_ARC = YES;
				CLANG_WARN_BOOL_CONVERSION = YES;
				CLANG_WARN_CONSTANT_CONVERSION = YES;
				CLANG_WARN_DIRECT_OBJC_ISA_USAGE = YES_ERROR;
				CLANG_WARN_EMPTY_BODY = YES;
				CLANG_WARN_ENUM_CONVERSION = YES;
				CLANG_WARN_INT_CONVERSION = YES;
				CLANG_WARN_OBJC_ROOT_CLASS = YES_ERROR;
				CLANG_WARN_UNREACHABLE_CODE = YES;
				CLANG_WARN__DUPLICATE_METHOD_MATCH = YES;
				"CODE_SIGN_IDENTITY[sdk=iphoneos*]" = "iPhone Developer";
				COPY_PHASE_STRIP = NO;
				DEBUG_INFORMATION_FORMAT = dwarf;
				ENABLE_STRICT_OBJC_MSGSEND = YES;
				ENABLE_TESTABILITY = YES;
				GCC_C_LANGUAGE_STANDARD = gnu99;
				GCC_DYNAMIC_NO_PIC = NO;
				GCC_NO_COMMON_BLOCKS = YES;
				GCC_OPTIMIZATION_LEVEL = 0;
				GCC_PREPROCESSOR_DEFINITIONS = (
					"DEBUG=1",
					"$(inherited)",
				);
				GCC_WARN_64_TO_32_BIT_CONVERSION = YES;
				GCC_WARN_ABOUT_RETURN_TYPE = YES_ERROR;
				GCC_WARN_UNDECLARED_SELECTOR = YES;
				GCC_WARN_UNINITIALIZED_AUTOS = YES_AGGRESSIVE;
				GCC_WARN_UNUSED_FUNCTION = YES;
				GCC_WARN_UNUSED_VARIABLE = YES;
				IPHONEOS_DEPLOYMENT_TARGET = 9.2;
				MTL_ENABLE_DEBUG_INFO = YES;
				ONLY_ACTIVE_ARCH = YES;
				SDKROOT = iphoneos;
				TARGETED_DEVICE_FAMILY = "1,2";
			};
			name = Debug;
		};
		596F91D21C5F18F9000CBD48 /* Release */ = {
			isa = XCBuildConfiguration;
			buildSettings = {
				ALWAYS_SEARCH_USER_PATHS = NO;
				CLANG_CXX_LANGUAGE_STANDARD = "gnu++0x";
				CLANG_CXX_LIBRARY = "libc++";
				CLANG_ENABLE_MODULES = YES;
				CLANG_ENABLE_OBJC_ARC = YES;
				CLANG_WARN_BOOL_CONVERSION = YES;
				CLANG_WARN_CONSTANT_CONVERSION = YES;
				CLANG_WARN_DIRECT_OBJC_ISA_USAGE = YES_ERROR;
				CLANG_WARN_EMPTY_BODY = YES;
				CLANG_WARN_ENUM_CONVERSION = YES;
				CLANG_WARN_INT_CONVERSION = YES;
				CLANG_WARN_OBJC_ROOT_CLASS = YES_ERROR;
				CLANG_WARN_UNREACHABLE_CODE = YES;
				CLANG_WARN__DUPLICATE_METHOD_MATCH = YES;
				"CODE_SIGN_IDENTITY[sdk=iphoneos*]" = "iPhone Developer";
				COPY_PHASE_STRIP = NO;
				DEBUG_INFORMATION_FORMAT = "dwarf-with-dsym";
				ENABLE_NS_ASSERTIONS = NO;
				ENABLE_STRICT_OBJC_MSGSEND = YES;
				GCC_C_LANGUAGE_STANDARD = gnu99;
				GCC_NO_COMMON_BLOCKS = YES;
				GCC_WARN_64_TO_32_BIT_CONVERSION = YES;
				GCC_WARN_ABOUT_RETURN_TYPE = YES_ERROR;
				GCC_WARN_UNDECLARED_SELECTOR = YES;
				GCC_WARN_UNINITIALIZED_AUTOS = YES_AGGRESSIVE;
				GCC_WARN_UNUSED_FUNCTION = YES;
				GCC_WARN_UNUSED_VARIABLE = YES;
				IPHONEOS_DEPLOYMENT_TARGET = 9.2;
				MTL_ENABLE_DEBUG_INFO = NO;
				SDKROOT = iphoneos;
				TARGETED_DEVICE_FAMILY = "1,2";
				VALIDATE_PRODUCT = YES;
			};
			name = Release;
		};
		596F91D41C5F18F9000CBD48 /* Debug */ = {
			isa = XCBuildConfiguration;
			baseConfigurationReference = E2288AEFED249667A1BA3B48 /* Pods-Revels 16.debug.xcconfig */;
			buildSettings = {
				ASSETCATALOG_COMPILER_APPICON_NAME = AppIcon;
				CLANG_ENABLE_MODULES = YES;
				CODE_SIGN_ENTITLEMENTS = "Revels 16/Revels 16.entitlements";
				CODE_SIGN_IDENTITY = "iPhone Developer";
				"CODE_SIGN_IDENTITY[sdk=iphoneos*]" = "iPhone Developer";
				FRAMEWORK_SEARCH_PATHS = (
					"$(inherited)",
					"$(PROJECT_DIR)/Revels",
					16,
					"$(PROJECT_DIR)/Revels",
					16,
					"$(PROJECT_DIR)/Revels",
					16,
					"$(PROJECT_DIR)/Revels",
					16,
					"$(PROJECT_DIR)/Revels",
					16,
					"$(PROJECT_DIR)/Revels",
					16,
					"$(PROJECT_DIR)/Revels",
					16,
				);
				GCC_INCREASE_PRECOMPILED_HEADER_SHARING = YES;
				GCC_PRECOMPILE_PREFIX_HEADER = YES;
				GCC_PREFIX_HEADER = "Revels 16/PrefixHeader.pch";
				INFOPLIST_FILE = "Revels 16/Info.plist";
				IPHONEOS_DEPLOYMENT_TARGET = 8.0;
				LD_RUNPATH_SEARCH_PATHS = "$(inherited) @executable_path/Frameworks";
				PRODUCT_BUNDLE_IDENTIFIER = "org.lugmanipal.Revels-15";
				PRODUCT_NAME = "$(TARGET_NAME)";
				PROVISIONING_PROFILE = "cbfd7ed9-cd62-4419-bb20-5bf2b833d210";
				TARGETED_DEVICE_FAMILY = 1;
			};
			name = Debug;
		};
		596F91D51C5F18F9000CBD48 /* Release */ = {
			isa = XCBuildConfiguration;
			baseConfigurationReference = 0014C87AD6BCC627A4D33296 /* Pods-Revels 16.release.xcconfig */;
			buildSettings = {
				ASSETCATALOG_COMPILER_APPICON_NAME = AppIcon;
				CLANG_ENABLE_MODULES = YES;
				CODE_SIGN_ENTITLEMENTS = "Revels 16/Revels 16.entitlements";
				CODE_SIGN_IDENTITY = "iPhone Developer";
				"CODE_SIGN_IDENTITY[sdk=iphoneos*]" = "iPhone Developer";
				FRAMEWORK_SEARCH_PATHS = (
					"$(inherited)",
					"$(PROJECT_DIR)/Revels",
					16,
					"$(PROJECT_DIR)/Revels",
					16,
					"$(PROJECT_DIR)/Revels",
					16,
					"$(PROJECT_DIR)/Revels",
					16,
					"$(PROJECT_DIR)/Revels",
					16,
					"$(PROJECT_DIR)/Revels",
					16,
					"$(PROJECT_DIR)/Revels",
					16,
				);
				GCC_INCREASE_PRECOMPILED_HEADER_SHARING = YES;
				GCC_PRECOMPILE_PREFIX_HEADER = YES;
				GCC_PREFIX_HEADER = "Revels 16/PrefixHeader.pch";
				INFOPLIST_FILE = "Revels 16/Info.plist";
				IPHONEOS_DEPLOYMENT_TARGET = 8.0;
				LD_RUNPATH_SEARCH_PATHS = "$(inherited) @executable_path/Frameworks";
				PRODUCT_BUNDLE_IDENTIFIER = "org.lugmanipal.Revels-15";
				PRODUCT_NAME = "$(TARGET_NAME)";
				PROVISIONING_PROFILE = "cbfd7ed9-cd62-4419-bb20-5bf2b833d210";
				TARGETED_DEVICE_FAMILY = 1;
			};
			name = Release;
		};
/* End XCBuildConfiguration section */

/* Begin XCConfigurationList section */
		596F91B41C5F18F9000CBD48 /* Build configuration list for PBXProject "Revels 16" */ = {
			isa = XCConfigurationList;
			buildConfigurations = (
				596F91D11C5F18F9000CBD48 /* Debug */,
				596F91D21C5F18F9000CBD48 /* Release */,
			);
			defaultConfigurationIsVisible = 0;
			defaultConfigurationName = Release;
		};
		596F91D31C5F18F9000CBD48 /* Build configuration list for PBXNativeTarget "Revels 16" */ = {
			isa = XCConfigurationList;
			buildConfigurations = (
				596F91D41C5F18F9000CBD48 /* Debug */,
				596F91D51C5F18F9000CBD48 /* Release */,
			);
			defaultConfigurationIsVisible = 0;
			defaultConfigurationName = Release;
		};
/* End XCConfigurationList section */

/* Begin XCVersionGroup section */
		596F91C81C5F18F9000CBD48 /* Revels_16.xcdatamodeld */ = {
			isa = XCVersionGroup;
			children = (
				596F91C91C5F18F9000CBD48 /* Revels_16.xcdatamodel */,
			);
			currentVersion = 596F91C91C5F18F9000CBD48 /* Revels_16.xcdatamodel */;
			path = Revels_16.xcdatamodeld;
			sourceTree = "<group>";
			versionGroupType = wrapper.xcdatamodel;
		};
/* End XCVersionGroup section */
	};
	rootObject = 596F91B11C5F18F9000CBD48 /* Project object */;
}
